
Microsoft Visual Studio Solution File, Format Version 12.00
# Visual Studio 15
VisualStudioVersion = 15.0.26730.15
MinimumVisualStudioVersion = 10.0.40219.1
Project("{FAE04EC0-301F-11D3-BF4B-00C04F79EFBC}") = "WcfStudent", "WcfStudent\WcfStudent.csproj", "{ACD4D194-F125-4A81-84E7-9E8302975317}"
EndProject
Project("{FAE04EC0-301F-11D3-BF4B-00C04F79EFBC}") = "StudentClient", "StudentClient\StudentClient.csproj", "{0197C424-C4B3-404B-84EC-45A9D7A5625D}"
EndProject
Global
	GlobalSection(SolutionConfigurationPlatforms) = preSolution
		Debug|Any CPU = Debug|Any CPU
		Release|Any CPU = Release|Any CPU
	EndGlobalSection
	GlobalSection(ProjectConfigurationPlatforms) = postSolution
		{ACD4D194-F125-4A81-84E7-9E8302975317}.Debug|Any CPU.ActiveCfg = Debug|Any CPU
		{ACD4D194-F125-4A81-84E7-9E8302975317}.Debug|Any CPU.Build.0 = Debug|Any CPU
		{ACD4D194-F125-4A81-84E7-9E8302975317}.Release|Any CPU.ActiveCfg = Release|Any CPU
		{ACD4D194-F125-4A81-84E7-9E8302975317}.Release|Any CPU.Build.0 = Release|Any CPU
		{0197C424-C4B3-404B-84EC-45A9D7A5625D}.Debug|Any CPU.ActiveCfg = Debug|Any CPU
		{0197C424-C4B3-404B-84EC-45A9D7A5625D}.Debug|Any CPU.Build.0 = Debug|Any CPU
		{0197C424-C4B3-404B-84EC-45A9D7A5625D}.Release|Any CPU.ActiveCfg = Release|Any CPU
		{0197C424-C4B3-404B-84EC-45A9D7A5625D}.Release|Any CPU.Build.0 = Release|Any CPU
	EndGlobalSection
	GlobalSection(SolutionProperties) = preSolution
		HideSolutionNode = FALSE
	EndGlobalSection
	GlobalSection(ExtensibilityGlobals) = postSolution
		SolutionGuid = {BFD1094D-F97A-4FBC-9637-EC744B15E630}
	EndGlobalSection
EndGlobal
